
Microsoft Visual Studio Solution File, Format Version 12.00
# Visual Studio 2013
VisualStudioVersion = 12.0.21005.1
MinimumVisualStudioVersion = 10.0.40219.1
Project("{FAE04EC0-301F-11D3-BF4B-00C04F79EFBC}") = "QuanLyQuanCoffee_GUI", "QuanLyQuanCoffee\QuanLyQuanCoffee_GUI.csproj", "{9A870941-7E9C-4959-853C-E01712BA466C}"
EndProject
Project("{FAE04EC0-301F-11D3-BF4B-00C04F79EFBC}") = "DTO", "DTO\DTO.csproj", "{843BF67A-EBB5-454F-A946-3F748A382AEB}"
EndProject
Project("{FAE04EC0-301F-11D3-BF4B-00C04F79EFBC}") = "DAO", "DAO\DAO.csproj", "{274F316C-4B37-42EA-9FAC-4437812C7930}"
EndProject
Project("{FAE04EC0-301F-11D3-BF4B-00C04F79EFBC}") = "BUS", "BUS\BUS.csproj", "{3D12E22E-5924-438F-AED3-B57F51D6E623}"
EndProject
Project("{FAE04EC0-301F-11D3-BF4B-00C04F79EFBC}") = "REPORT", "REPORT\REPORT.csproj", "{9426DB9A-C28B-4EF1-ABB5-51F1D92EF227}"
EndProject
Global
	GlobalSection(SolutionConfigurationPlatforms) = preSolution
		Debug|Any CPU = Debug|Any CPU
		Release|Any CPU = Release|Any CPU
	EndGlobalSection
	GlobalSection(ProjectConfigurationPlatforms) = postSolution
		{9A870941-7E9C-4959-853C-E01712BA466C}.Debug|Any CPU.ActiveCfg = Debug|Any CPU
		{9A870941-7E9C-4959-853C-E01712BA466C}.Debug|Any CPU.Build.0 = Debug|Any CPU
		{9A870941-7E9C-4959-853C-E01712BA466C}.Release|Any CPU.ActiveCfg = Release|Any CPU
		{9A870941-7E9C-4959-853C-E01712BA466C}.Release|Any CPU.Build.0 = Release|Any CPU
		{843BF67A-EBB5-454F-A946-3F748A382AEB}.Debug|Any CPU.ActiveCfg = Debug|Any CPU
		{843BF67A-EBB5-454F-A946-3F748A382AEB}.Debug|Any CPU.Build.0 = Debug|Any CPU
		{843BF67A-EBB5-454F-A946-3F748A382AEB}.Release|Any CPU.ActiveCfg = Release|Any CPU
		{843BF67A-EBB5-454F-A946-3F748A382AEB}.Release|Any CPU.Build.0 = Release|Any CPU
		{274F316C-4B37-42EA-9FAC-4437812C7930}.Debug|Any CPU.ActiveCfg = Debug|Any CPU
		{274F316C-4B37-42EA-9FAC-4437812C7930}.Debug|Any CPU.Build.0 = Debug|Any CPU
		{274F316C-4B37-42EA-9FAC-4437812C7930}.Release|Any CPU.ActiveCfg = Release|Any CPU
		{274F316C-4B37-42EA-9FAC-4437812C7930}.Release|Any CPU.Build.0 = Release|Any CPU
		{3D12E22E-5924-438F-AED3-B57F51D6E623}.Debug|Any CPU.ActiveCfg = Debug|Any CPU
		{3D12E22E-5924-438F-AED3-B57F51D6E623}.Debug|Any CPU.Build.0 = Debug|Any CPU
		{3D12E22E-5924-438F-AED3-B57F51D6E623}.Release|Any CPU.ActiveCfg = Release|Any CPU
		{3D12E22E-5924-438F-AED3-B57F51D6E623}.Release|Any CPU.Build.0 = Release|Any CPU
		{9426DB9A-C28B-4EF1-ABB5-51F1D92EF227}.Debug|Any CPU.ActiveCfg = Debug|Any CPU
		{9426DB9A-C28B-4EF1-ABB5-51F1D92EF227}.Debug|Any CPU.Build.0 = Debug|Any CPU
		{9426DB9A-C28B-4EF1-ABB5-51F1D92EF227}.Release|Any CPU.ActiveCfg = Release|Any CPU
		{9426DB9A-C28B-4EF1-ABB5-51F1D92EF227}.Release|Any CPU.Build.0 = Release|Any CPU
	EndGlobalSection
	GlobalSection(SolutionProperties) = preSolution
		HideSolutionNode = FALSE
	EndGlobalSection
	GlobalSection(ExtensibilityGlobals) = postSolution
		SolutionGuid = {7C0DA9F8-FA05-4832-8630-975569885C31}
	EndGlobalSection
EndGlobal
